
Microsoft Visual Studio Solution File, Format Version 12.00
# Visual Studio Version 16
VisualStudioVersion = 16.0.30225.117
MinimumVisualStudioVersion = 10.0.40219.1
Project("{2150E333-8FDC-42A3-9474-1A3956D46DE8}") = "Data", "Data", "{B0182F38-0046-4996-8B17-2B281C437DD6}"
EndProject
Project("{FAE04EC0-301F-11D3-BF4B-00C04F79EFBC}") = "SantaseCardGame.Data.Models", "Data\SantaseCardGame.Data.Models\SantaseCardGame.Data.Models.csproj", "{EBB3C32F-A496-41B3-BE57-33A0475E5128}"
EndProject
Global
	GlobalSection(SolutionConfigurationPlatforms) = preSolution
		Debug|Any CPU = Debug|Any CPU
		Release|Any CPU = Release|Any CPU
	EndGlobalSection
	GlobalSection(ProjectConfigurationPlatforms) = postSolution
		{EBB3C32F-A496-41B3-BE57-33A0475E5128}.Debug|Any CPU.ActiveCfg = Debug|Any CPU
		{EBB3C32F-A496-41B3-BE57-33A0475E5128}.Debug|Any CPU.Build.0 = Debug|Any CPU
		{EBB3C32F-A496-41B3-BE57-33A0475E5128}.Release|Any CPU.ActiveCfg = Release|Any CPU
		{EBB3C32F-A496-41B3-BE57-33A0475E5128}.Release|Any CPU.Build.0 = Release|Any CPU
	EndGlobalSection
	GlobalSection(SolutionProperties) = preSolution
		HideSolutionNode = FALSE
	EndGlobalSection
	GlobalSection(NestedProjects) = preSolution
		{EBB3C32F-A496-41B3-BE57-33A0475E5128} = {B0182F38-0046-4996-8B17-2B281C437DD6}
	EndGlobalSection
	GlobalSection(ExtensibilityGlobals) = postSolution
		SolutionGuid = {718F9977-F97A-4D25-B236-CCAAD373E0EA}
	EndGlobalSection
EndGlobal
