
Microsoft Visual Studio Solution File, Format Version 12.00
# Visual Studio Version 17
VisualStudioVersion = 17.0.32112.339
MinimumVisualStudioVersion = 10.0.40219.1
Project("{2150E333-8FDC-42A3-9474-1A3956D46DE8}") = "Data", "Data", "{B1D7B289-403A-478D-BABB-5B67098964A3}"
EndProject
Project("{2150E333-8FDC-42A3-9474-1A3956D46DE8}") = "Clients", "Clients", "{79247925-58E4-473B-A8D3-3433C1846E5E}"
EndProject
Project("{2150E333-8FDC-42A3-9474-1A3956D46DE8}") = "AI", "AI", "{FA417537-FC98-4769-A861-8629C0633AC5}"
EndProject
Project("{9A19103F-16F7-4668-BE54-9A1E7A4F7556}") = "SantaseCardGame.Data.Models", "Data\SantaseCardGame.Data.Models\SantaseCardGame.Data.Models.csproj", "{59F2F456-DE74-4978-B71A-636F37D3ED49}"
EndProject
Project("{9A19103F-16F7-4668-BE54-9A1E7A4F7556}") = "SantaseCardGame.Data", "Data\SantaseCardGame.Data\SantaseCardGame.Data.csproj", "{E6BC466A-0026-4215-9743-48C8E00DC310}"
EndProject
Project("{2150E333-8FDC-42A3-9474-1A3956D46DE8}") = "Core", "Core", "{1F202AF4-E28F-47E1-959F-092FD2E6C8EE}"
EndProject
Project("{9A19103F-16F7-4668-BE54-9A1E7A4F7556}") = "SantaseCardGame.Core.Logic", "Core\SantaseCardGame.Core.Logic\SantaseCardGame.Core.Logic.csproj", "{FDFFDE07-87DE-4264-B8BB-4C66C3981AA5}"
EndProject
Project("{2150E333-8FDC-42A3-9474-1A3956D46DE8}") = "Infrastructure", "Infrastructure", "{DB8C1462-5D03-4942-89B9-03D16E6B8091}"
EndProject
Project("{9A19103F-16F7-4668-BE54-9A1E7A4F7556}") = "SantaseCardGame.Infrastructure.States", "Infrastructure\SantaseCardGame.Infrastructure.States\SantaseCardGame.Infrastructure.States.csproj", "{1C0E1F39-7108-4120-93C5-9FCC022C40C6}"
EndProject
Project("{9A19103F-16F7-4668-BE54-9A1E7A4F7556}") = "SantaseCardGame.AI", "AI\SantaseCardGame.AI\SantaseCardGame.AI.csproj", "{7FAFCAD1-6C8B-4199-9012-E25BE65DD96E}"
EndProject
Project("{9A19103F-16F7-4668-BE54-9A1E7A4F7556}") = "SantaseCardGame.AI.Logic", "AI\SantaseCardGame.AI.Logic\SantaseCardGame.AI.Logic.csproj", "{74BD0DFF-B85B-450C-A0B6-87095AE14C9B}"
EndProject
Project("{9A19103F-16F7-4668-BE54-9A1E7A4F7556}") = "SantaseCardGame.Client.Web", "Clients\SantaseCardGame.Client.Web\SantaseCardGame.Client.Web.csproj", "{93947446-B10A-46E5-8180-A9002B8A8A93}"
EndProject
Project("{9A19103F-16F7-4668-BE54-9A1E7A4F7556}") = "SantaseCardGame.Infrastructure.IoCContainer", "Infrastructure\SantaseCardGame.Infrastructure.IoCContainer\SantaseCardGame.Infrastructure.IoCContainer.csproj", "{AE05FE75-B6AE-4E35-A53B-1C1752223D7F}"
EndProject
Project("{FAE04EC0-301F-11D3-BF4B-00C04F79EFBC}") = "SantaseCardGame.Core.Engine", "Core\SantaseCardGame.Core.Engine\SantaseCardGame.Core.Engine.csproj", "{DFAD9130-4A96-423E-9F9F-58B59756D78B}"
EndProject
Global
	GlobalSection(SolutionConfigurationPlatforms) = preSolution
		Debug|Any CPU = Debug|Any CPU
		Release|Any CPU = Release|Any CPU
	EndGlobalSection
	GlobalSection(ProjectConfigurationPlatforms) = postSolution
		{59F2F456-DE74-4978-B71A-636F37D3ED49}.Debug|Any CPU.ActiveCfg = Debug|Any CPU
		{59F2F456-DE74-4978-B71A-636F37D3ED49}.Debug|Any CPU.Build.0 = Debug|Any CPU
		{59F2F456-DE74-4978-B71A-636F37D3ED49}.Release|Any CPU.ActiveCfg = Release|Any CPU
		{59F2F456-DE74-4978-B71A-636F37D3ED49}.Release|Any CPU.Build.0 = Release|Any CPU
		{E6BC466A-0026-4215-9743-48C8E00DC310}.Debug|Any CPU.ActiveCfg = Debug|Any CPU
		{E6BC466A-0026-4215-9743-48C8E00DC310}.Debug|Any CPU.Build.0 = Debug|Any CPU
		{E6BC466A-0026-4215-9743-48C8E00DC310}.Release|Any CPU.ActiveCfg = Release|Any CPU
		{E6BC466A-0026-4215-9743-48C8E00DC310}.Release|Any CPU.Build.0 = Release|Any CPU
		{FDFFDE07-87DE-4264-B8BB-4C66C3981AA5}.Debug|Any CPU.ActiveCfg = Debug|Any CPU
		{FDFFDE07-87DE-4264-B8BB-4C66C3981AA5}.Debug|Any CPU.Build.0 = Debug|Any CPU
		{FDFFDE07-87DE-4264-B8BB-4C66C3981AA5}.Release|Any CPU.ActiveCfg = Release|Any CPU
		{FDFFDE07-87DE-4264-B8BB-4C66C3981AA5}.Release|Any CPU.Build.0 = Release|Any CPU
		{1C0E1F39-7108-4120-93C5-9FCC022C40C6}.Debug|Any CPU.ActiveCfg = Debug|Any CPU
		{1C0E1F39-7108-4120-93C5-9FCC022C40C6}.Debug|Any CPU.Build.0 = Debug|Any CPU
		{1C0E1F39-7108-4120-93C5-9FCC022C40C6}.Release|Any CPU.ActiveCfg = Release|Any CPU
		{1C0E1F39-7108-4120-93C5-9FCC022C40C6}.Release|Any CPU.Build.0 = Release|Any CPU
		{7FAFCAD1-6C8B-4199-9012-E25BE65DD96E}.Debug|Any CPU.ActiveCfg = Debug|Any CPU
		{7FAFCAD1-6C8B-4199-9012-E25BE65DD96E}.Debug|Any CPU.Build.0 = Debug|Any CPU
		{7FAFCAD1-6C8B-4199-9012-E25BE65DD96E}.Release|Any CPU.ActiveCfg = Release|Any CPU
		{7FAFCAD1-6C8B-4199-9012-E25BE65DD96E}.Release|Any CPU.Build.0 = Release|Any CPU
		{74BD0DFF-B85B-450C-A0B6-87095AE14C9B}.Debug|Any CPU.ActiveCfg = Debug|Any CPU
		{74BD0DFF-B85B-450C-A0B6-87095AE14C9B}.Debug|Any CPU.Build.0 = Debug|Any CPU
		{74BD0DFF-B85B-450C-A0B6-87095AE14C9B}.Release|Any CPU.ActiveCfg = Release|Any CPU
		{74BD0DFF-B85B-450C-A0B6-87095AE14C9B}.Release|Any CPU.Build.0 = Release|Any CPU
		{93947446-B10A-46E5-8180-A9002B8A8A93}.Debug|Any CPU.ActiveCfg = Debug|Any CPU
		{93947446-B10A-46E5-8180-A9002B8A8A93}.Debug|Any CPU.Build.0 = Debug|Any CPU
		{93947446-B10A-46E5-8180-A9002B8A8A93}.Release|Any CPU.ActiveCfg = Release|Any CPU
		{93947446-B10A-46E5-8180-A9002B8A8A93}.Release|Any CPU.Build.0 = Release|Any CPU
		{AE05FE75-B6AE-4E35-A53B-1C1752223D7F}.Debug|Any CPU.ActiveCfg = Debug|Any CPU
		{AE05FE75-B6AE-4E35-A53B-1C1752223D7F}.Debug|Any CPU.Build.0 = Debug|Any CPU
		{AE05FE75-B6AE-4E35-A53B-1C1752223D7F}.Release|Any CPU.ActiveCfg = Release|Any CPU
		{AE05FE75-B6AE-4E35-A53B-1C1752223D7F}.Release|Any CPU.Build.0 = Release|Any CPU
		{DFAD9130-4A96-423E-9F9F-58B59756D78B}.Debug|Any CPU.ActiveCfg = Debug|Any CPU
		{DFAD9130-4A96-423E-9F9F-58B59756D78B}.Debug|Any CPU.Build.0 = Debug|Any CPU
		{DFAD9130-4A96-423E-9F9F-58B59756D78B}.Release|Any CPU.ActiveCfg = Release|Any CPU
		{DFAD9130-4A96-423E-9F9F-58B59756D78B}.Release|Any CPU.Build.0 = Release|Any CPU
	EndGlobalSection
	GlobalSection(SolutionProperties) = preSolution
		HideSolutionNode = FALSE
	EndGlobalSection
	GlobalSection(NestedProjects) = preSolution
		{59F2F456-DE74-4978-B71A-636F37D3ED49} = {B1D7B289-403A-478D-BABB-5B67098964A3}
		{E6BC466A-0026-4215-9743-48C8E00DC310} = {B1D7B289-403A-478D-BABB-5B67098964A3}
		{FDFFDE07-87DE-4264-B8BB-4C66C3981AA5} = {1F202AF4-E28F-47E1-959F-092FD2E6C8EE}
		{1C0E1F39-7108-4120-93C5-9FCC022C40C6} = {DB8C1462-5D03-4942-89B9-03D16E6B8091}
		{7FAFCAD1-6C8B-4199-9012-E25BE65DD96E} = {FA417537-FC98-4769-A861-8629C0633AC5}
		{74BD0DFF-B85B-450C-A0B6-87095AE14C9B} = {FA417537-FC98-4769-A861-8629C0633AC5}
		{93947446-B10A-46E5-8180-A9002B8A8A93} = {79247925-58E4-473B-A8D3-3433C1846E5E}
		{AE05FE75-B6AE-4E35-A53B-1C1752223D7F} = {DB8C1462-5D03-4942-89B9-03D16E6B8091}
		{DFAD9130-4A96-423E-9F9F-58B59756D78B} = {1F202AF4-E28F-47E1-959F-092FD2E6C8EE}
	EndGlobalSection
	GlobalSection(ExtensibilityGlobals) = postSolution
		SolutionGuid = {09D366C0-DBC8-45CE-9D3E-12541ABB7C67}
	EndGlobalSection
EndGlobal
