
Microsoft Visual Studio Solution File, Format Version 12.00
# Visual Studio Version 16
VisualStudioVersion = 16.0.30225.117
MinimumVisualStudioVersion = 10.0.40219.1
Project("{2150E333-8FDC-42A3-9474-1A3956D46DE8}") = "Data", "Data", "{B0182F38-0046-4996-8B17-2B281C437DD6}"
EndProject
Project("{9A19103F-16F7-4668-BE54-9A1E7A4F7556}") = "SantaseCardGame.Data.Models", "Data\SantaseCardGame.Data.Models\SantaseCardGame.Data.Models.csproj", "{EBB3C32F-A496-41B3-BE57-33A0475E5128}"
EndProject
Project("{2150E333-8FDC-42A3-9474-1A3956D46DE8}") = "Core", "Core", "{ED23447B-C47B-4A89-8ABD-22C8761E4C19}"
EndProject
Project("{9A19103F-16F7-4668-BE54-9A1E7A4F7556}") = "SantaseCardGame.Core.Logic", "Core\SantaseCardGame.Core.Logic\SantaseCardGame.Core.Logic.csproj", "{FACF429B-0EA5-4F1B-B5E2-5BA45BFCCCA7}"
EndProject
Project("{9A19103F-16F7-4668-BE54-9A1E7A4F7556}") = "SantaseCardGame.Data", "Data\SantaseCardGame.Data\SantaseCardGame.Data.csproj", "{16E446BF-796A-44F6-AA74-EAE2026A0DFE}"
EndProject
Project("{2150E333-8FDC-42A3-9474-1A3956D46DE8}") = "Web", "Web", "{12AEE13D-0D71-4CBD-B019-99E4532FDE74}"
EndProject
Project("{2150E333-8FDC-42A3-9474-1A3956D46DE8}") = "AI", "AI", "{45F3D00B-DDC9-4FCB-949A-C0AE59CA7BDA}"
EndProject
Project("{9A19103F-16F7-4668-BE54-9A1E7A4F7556}") = "SantaseCardGame.AI", "AI\SantaseCardGame.AI\SantaseCardGame.AI.csproj", "{BBC1493D-9749-44D4-AFC8-51B740F748DC}"
EndProject
Project("{9A19103F-16F7-4668-BE54-9A1E7A4F7556}") = "SantaseCardGame.Core.Engine", "Core\SantaseCardGame.Core.Engine\SantaseCardGame.Core.Engine.csproj", "{4BA8952B-8266-40C9-A7AE-12804E5483F2}"
EndProject
Project("{9A19103F-16F7-4668-BE54-9A1E7A4F7556}") = "SantaseCardGame.Web.Client", "Web\SantaseCardGame.Web.Client\SantaseCardGame.Web.Client.csproj", "{A70CAB08-26D7-48EC-B282-DC8146A2C2AD}"
EndProject
Project("{2150E333-8FDC-42A3-9474-1A3956D46DE8}") = "Infrastructure", "Infrastructure", "{EA6DEA08-1AF9-42B5-BED9-BE293D755BFD}"
EndProject
Project("{FAE04EC0-301F-11D3-BF4B-00C04F79EFBC}") = "SantaseCardGame.Infrastructure.IoCContainer", "Infrastructure\SantaseCardGame.Infrastructure.IoCContainer\SantaseCardGame.Infrastructure.IoCContainer.csproj", "{8C5EEED6-49DF-4470-8A72-CB70E854A690}"
EndProject
Project("{FAE04EC0-301F-11D3-BF4B-00C04F79EFBC}") = "SantaseCardGame.Infrastructure", "Infrastructure\SantaseCardGame.Infrastructure\SantaseCardGame.Infrastructure.csproj", "{D41945A3-7176-43D0-B422-D3A8CAFADB27}"
EndProject
Global
	GlobalSection(SolutionConfigurationPlatforms) = preSolution
		Debug|Any CPU = Debug|Any CPU
		Release|Any CPU = Release|Any CPU
	EndGlobalSection
	GlobalSection(ProjectConfigurationPlatforms) = postSolution
		{EBB3C32F-A496-41B3-BE57-33A0475E5128}.Debug|Any CPU.ActiveCfg = Debug|Any CPU
		{EBB3C32F-A496-41B3-BE57-33A0475E5128}.Debug|Any CPU.Build.0 = Debug|Any CPU
		{EBB3C32F-A496-41B3-BE57-33A0475E5128}.Release|Any CPU.ActiveCfg = Release|Any CPU
		{EBB3C32F-A496-41B3-BE57-33A0475E5128}.Release|Any CPU.Build.0 = Release|Any CPU
		{FACF429B-0EA5-4F1B-B5E2-5BA45BFCCCA7}.Debug|Any CPU.ActiveCfg = Debug|Any CPU
		{FACF429B-0EA5-4F1B-B5E2-5BA45BFCCCA7}.Debug|Any CPU.Build.0 = Debug|Any CPU
		{FACF429B-0EA5-4F1B-B5E2-5BA45BFCCCA7}.Release|Any CPU.ActiveCfg = Release|Any CPU
		{FACF429B-0EA5-4F1B-B5E2-5BA45BFCCCA7}.Release|Any CPU.Build.0 = Release|Any CPU
		{16E446BF-796A-44F6-AA74-EAE2026A0DFE}.Debug|Any CPU.ActiveCfg = Debug|Any CPU
		{16E446BF-796A-44F6-AA74-EAE2026A0DFE}.Debug|Any CPU.Build.0 = Debug|Any CPU
		{16E446BF-796A-44F6-AA74-EAE2026A0DFE}.Release|Any CPU.ActiveCfg = Release|Any CPU
		{16E446BF-796A-44F6-AA74-EAE2026A0DFE}.Release|Any CPU.Build.0 = Release|Any CPU
		{BBC1493D-9749-44D4-AFC8-51B740F748DC}.Debug|Any CPU.ActiveCfg = Debug|Any CPU
		{BBC1493D-9749-44D4-AFC8-51B740F748DC}.Debug|Any CPU.Build.0 = Debug|Any CPU
		{BBC1493D-9749-44D4-AFC8-51B740F748DC}.Release|Any CPU.ActiveCfg = Release|Any CPU
		{BBC1493D-9749-44D4-AFC8-51B740F748DC}.Release|Any CPU.Build.0 = Release|Any CPU
		{4BA8952B-8266-40C9-A7AE-12804E5483F2}.Debug|Any CPU.ActiveCfg = Debug|Any CPU
		{4BA8952B-8266-40C9-A7AE-12804E5483F2}.Debug|Any CPU.Build.0 = Debug|Any CPU
		{4BA8952B-8266-40C9-A7AE-12804E5483F2}.Release|Any CPU.ActiveCfg = Release|Any CPU
		{4BA8952B-8266-40C9-A7AE-12804E5483F2}.Release|Any CPU.Build.0 = Release|Any CPU
		{A70CAB08-26D7-48EC-B282-DC8146A2C2AD}.Debug|Any CPU.ActiveCfg = Debug|Any CPU
		{A70CAB08-26D7-48EC-B282-DC8146A2C2AD}.Debug|Any CPU.Build.0 = Debug|Any CPU
		{A70CAB08-26D7-48EC-B282-DC8146A2C2AD}.Release|Any CPU.ActiveCfg = Release|Any CPU
		{A70CAB08-26D7-48EC-B282-DC8146A2C2AD}.Release|Any CPU.Build.0 = Release|Any CPU
		{8C5EEED6-49DF-4470-8A72-CB70E854A690}.Debug|Any CPU.ActiveCfg = Debug|Any CPU
		{8C5EEED6-49DF-4470-8A72-CB70E854A690}.Debug|Any CPU.Build.0 = Debug|Any CPU
		{8C5EEED6-49DF-4470-8A72-CB70E854A690}.Release|Any CPU.ActiveCfg = Release|Any CPU
		{8C5EEED6-49DF-4470-8A72-CB70E854A690}.Release|Any CPU.Build.0 = Release|Any CPU
		{D41945A3-7176-43D0-B422-D3A8CAFADB27}.Debug|Any CPU.ActiveCfg = Debug|Any CPU
		{D41945A3-7176-43D0-B422-D3A8CAFADB27}.Debug|Any CPU.Build.0 = Debug|Any CPU
		{D41945A3-7176-43D0-B422-D3A8CAFADB27}.Release|Any CPU.ActiveCfg = Release|Any CPU
		{D41945A3-7176-43D0-B422-D3A8CAFADB27}.Release|Any CPU.Build.0 = Release|Any CPU
	EndGlobalSection
	GlobalSection(SolutionProperties) = preSolution
		HideSolutionNode = FALSE
	EndGlobalSection
	GlobalSection(NestedProjects) = preSolution
		{EBB3C32F-A496-41B3-BE57-33A0475E5128} = {B0182F38-0046-4996-8B17-2B281C437DD6}
		{FACF429B-0EA5-4F1B-B5E2-5BA45BFCCCA7} = {ED23447B-C47B-4A89-8ABD-22C8761E4C19}
		{16E446BF-796A-44F6-AA74-EAE2026A0DFE} = {B0182F38-0046-4996-8B17-2B281C437DD6}
		{BBC1493D-9749-44D4-AFC8-51B740F748DC} = {45F3D00B-DDC9-4FCB-949A-C0AE59CA7BDA}
		{4BA8952B-8266-40C9-A7AE-12804E5483F2} = {ED23447B-C47B-4A89-8ABD-22C8761E4C19}
		{A70CAB08-26D7-48EC-B282-DC8146A2C2AD} = {12AEE13D-0D71-4CBD-B019-99E4532FDE74}
		{8C5EEED6-49DF-4470-8A72-CB70E854A690} = {EA6DEA08-1AF9-42B5-BED9-BE293D755BFD}
		{D41945A3-7176-43D0-B422-D3A8CAFADB27} = {EA6DEA08-1AF9-42B5-BED9-BE293D755BFD}
	EndGlobalSection
	GlobalSection(ExtensibilityGlobals) = postSolution
		SolutionGuid = {718F9977-F97A-4D25-B236-CCAAD373E0EA}
	EndGlobalSection
EndGlobal
